# This file is automatically @generated by Cargo.
# It is not intended for manual editing.
version = 3

[[package]]
name = "aho-corasick"
version = "0.7.18"
source = "registry+https://github.com/rust-lang/crates.io-index"
checksum = "1e37cfd5e7657ada45f742d6e99ca5788580b5c529dc78faf11ece6dc702656f"
dependencies = [
 "memchr",
]

[[package]]
name = "cc"
version = "1.0.73"
source = "registry+https://github.com/rust-lang/crates.io-index"
checksum = "2fff2a6927b3bb87f9595d67196a70493f627687a71d87a0d692242c33f58c11"

[[package]]
name = "cfg-if"
version = "1.0.0"
source = "registry+https://github.com/rust-lang/crates.io-index"
checksum = "baf1de4339761588bc0619e3cbc0120ee582ebb74b53b4efbf79117bd2da40fd"

[[package]]
name = "memchr"
version = "2.4.1"
source = "registry+https://github.com/rust-lang/crates.io-index"
checksum = "308cc39be01b73d0d18f82a0e7b2a3df85245f84af96fdddc5d202d27e47b86a"

[[package]]
name = "native_counter"
version = "0.1.0"
dependencies = [
 "neon",
 "neon-build",
]

[[package]]
name = "neon"
version = "0.10.0"
source = "registry+https://github.com/rust-lang/crates.io-index"
checksum = "544694d02bbff81f78dba5ef7d29341cc6d256edcae4fbb2d684491d5755c748"
dependencies = [
 "neon-build",
 "neon-runtime",
 "semver",
 "smallvec",
]

[[package]]
name = "neon-build"
version = "0.10.0"
source = "registry+https://github.com/rust-lang/crates.io-index"
checksum = "cd4ec682b1a7837c84d9866c342ac6ffe2ce9712e844e4015f31d01bdeb73608"
dependencies = [
 "neon-sys",
]

[[package]]
name = "neon-runtime"
version = "0.10.0"
source = "registry+https://github.com/rust-lang/crates.io-index"
checksum = "5c4b1a7f8f569b4e43feff04931924cebe40a630fa258d2a28147525d247defe"
dependencies = [
 "cfg-if",
 "neon-sys",
 "smallvec",
]

[[package]]
name = "neon-sys"
version = "0.10.0"
source = "registry+https://github.com/rust-lang/crates.io-index"
checksum = "c376c75ccf632a20d2f18fd2bde0b10f36a9cc5c8c7c4921f629147ebf59aeb6"
dependencies = [
 "cc",
 "regex",
]

[[package]]
name = "regex"
version = "1.5.5"
source = "registry+https://github.com/rust-lang/crates.io-index"
checksum = "1a11647b6b25ff05a515cb92c365cec08801e83423a235b51e231e1808747286"
dependencies = [
 "aho-corasick",
 "memchr",
 "regex-syntax",
]

[[package]]
name = "regex-syntax"
version = "0.6.25"
source = "registry+https://github.com/rust-lang/crates.io-index"
checksum = "f497285884f3fcff424ffc933e56d7cbca511def0c9831a7f9b5f6153e3cc89b"

[[package]]
name = "semver"
version = "0.9.0"
source = "registry+https://github.com/rust-lang/crates.io-index"
checksum = "1d7eb9ef2c18661902cc47e535f9bc51b78acd254da71d375c2f6720d9a40403"
dependencies = [
 "semver-parser",
]

[[package]]
name = "semver-parser"
version = "0.7.0"
source = "registry+https://github.com/rust-lang/crates.io-index"
checksum = "388a1df253eca08550bef6c72392cfe7c30914bf41df5269b68cbd6ff8f570a3"

[[package]]
name = "smallvec"
version = "1.8.0"
source = "registry+https://github.com/rust-lang/crates.io-index"
checksum = "f2dd574626839106c320a323308629dcb1acfc96e32a8cba364ddc61ac23ee83"
